{
  "name": "homebridge-snapshot-sensors",
  "version": "1.0.7",
  "lockfileVersion": 3,
  "requires": true,
  "packages": {
    "": {
      "name": "homebridge-snapshot-sensors",
      "version": "1.0.7",
      "license": "AGPL-3.0-only",
      "dependencies": {
        "@homebridge/plugin-ui-utils": "^2.2.5",
        "onnxruntime-node": "^1.29.0",
        "sharp": "^0.35.4"
      },